{
  "pins" : [
    {
      "identity" : "ambassador",
      "kind" : "remoteSourceControl",
      "location" : "https://github.com/envoy/Ambassador.git",
      "state" : {
        "branch" : "master",
        "revision" : "4fe264af51e0dd7228486c604750909e368241a7"
      }
    },
    {
      "identity" : "embassy",
      "kind" : "remoteSourceControl",
      "location" : "https://github.com/envoy/Embassy.git",
      "state" : {
        "revision" : "72e53b2b76023556febdfe0cf5bc8d64018f9c18",
        "version" : "4.1.4"
      }
    },
    {
      "identity" : "factory",
      "kind" : "remoteSourceControl",
      "location" : "https://github.com/hmlongco/Factory.git",
      "state" : {
        "revision" : "ca5788b8621b185a0fbe6ef05bb9a73b3ef2833f",
        "version" : "1.2.9"
      }
    },
    {
      "identity" : "sdwebimage",
      "kind" : "remoteSourceControl",
      "location" : "https://github.com/SDWebImage/SDWebImage.git",
      "state" : {
        "revision" : "3312bf5e67b52fbce7c3caf431b0cda721a9f7bb",
        "version" : "5.14.2"
      }
    }
  ],
  "version" : 2
}
