// !$*UTF8*$!
{
	archiveVersion = 1;
	classes = {
	};
	objectVersion = 56;
	objects = {

/* Begin PBXBuildFile section */
		9413B507295F6B5A00F0CD91 /* ReachabilityManager.swift in Sources */ = {isa = PBXBuildFile; fileRef = 9413B506295F6B5A00F0CD91 /* ReachabilityManager.swift */; };
		94687594296072D1008938F1 /* ReachabilityView.swift in Sources */ = {isa = PBXBuildFile; fileRef = 94687593296072D1008938F1 /* ReachabilityView.swift */; };
		94687596296097E1008938F1 /* UIActivityIndicatorView+Additions.swift in Sources */ = {isa = PBXBuildFile; fileRef = 94687595296097E1008938F1 /* UIActivityIndicatorView+Additions.swift */; };
		947AB2E62969FA6000F8136E /* UsersLocalDataSource.swift in Sources */ = {isa = PBXBuildFile; fileRef = 947AB2E52969FA6000F8136E /* UsersLocalDataSource.swift */; };
		947AB2E92969FADC00F8136E /* UsersRemoteDataSource.swift in Sources */ = {isa = PBXBuildFile; fileRef = 947AB2E82969FADC00F8136E /* UsersRemoteDataSource.swift */; };
		947AB2EB2969FF2400F8136E /* UsersRepository.swift in Sources */ = {isa = PBXBuildFile; fileRef = 947AB2EA2969FF2400F8136E /* UsersRepository.swift */; };
		947FB34A296722C6005F1944 /* UserListViewModelCoordinatorDelegate.swift in Sources */ = {isa = PBXBuildFile; fileRef = 947FB349296722C6005F1944 /* UserListViewModelCoordinatorDelegate.swift */; };
		947FB34C296722E5005F1944 /* UserListViewModelInput.swift in Sources */ = {isa = PBXBuildFile; fileRef = 947FB34B296722E5005F1944 /* UserListViewModelInput.swift */; };
		947FB34E29672397005F1944 /* UserListViewModel.State.swift in Sources */ = {isa = PBXBuildFile; fileRef = 947FB34D29672397005F1944 /* UserListViewModel.State.swift */; };
		947FB350296723B9005F1944 /* UserListViewModel.Section.swift in Sources */ = {isa = PBXBuildFile; fileRef = 947FB34F296723B9005F1944 /* UserListViewModel.Section.swift */; };
		947FB35329672750005F1944 /* Reachability+Additions.swift in Sources */ = {isa = PBXBuildFile; fileRef = 947FB35229672750005F1944 /* Reachability+Additions.swift */; };
		947FB35629674534005F1944 /* UserDetailsViewModel.State.swift in Sources */ = {isa = PBXBuildFile; fileRef = 947FB35529674534005F1944 /* UserDetailsViewModel.State.swift */; };
		947FB3582967466F005F1944 /* UserDetailsViewModelProtocol.swift in Sources */ = {isa = PBXBuildFile; fileRef = 947FB3572967466F005F1944 /* UserDetailsViewModelProtocol.swift */; };
		947FB35B2967591B005F1944 /* CoreDataStorage.swift in Sources */ = {isa = PBXBuildFile; fileRef = 947FB35A2967591B005F1944 /* CoreDataStorage.swift */; };
		947FB35E29678FB2005F1944 /* Database.xcdatamodeld in Sources */ = {isa = PBXBuildFile; fileRef = 947FB35C29678FB2005F1944 /* Database.xcdatamodeld */; };
		948542902954F7AD00D46B66 /* AppDelegate.swift in Sources */ = {isa = PBXBuildFile; fileRef = 9485428F2954F7AD00D46B66 /* AppDelegate.swift */; };
		948542992954F7AE00D46B66 /* Assets.xcassets in Resources */ = {isa = PBXBuildFile; fileRef = 948542982954F7AE00D46B66 /* Assets.xcassets */; };
		9485429C2954F7AE00D46B66 /* LaunchScreen.storyboard in Resources */ = {isa = PBXBuildFile; fileRef = 9485429A2954F7AE00D46B66 /* LaunchScreen.storyboard */; };
		94A9DCD92991A14600336B07 /* UsersLocalDataSourceTests.swift in Sources */ = {isa = PBXBuildFile; fileRef = 94A9DCD82991A14600336B07 /* UsersLocalDataSourceTests.swift */; };
		94C6660C298DB13500FE01B6 /* DictionaryConvertible.swift in Sources */ = {isa = PBXBuildFile; fileRef = 94C6660B298DB13500FE01B6 /* DictionaryConvertible.swift */; };
		94C6660F298FB97700FE01B6 /* UserListViewModelProtocol.swift in Sources */ = {isa = PBXBuildFile; fileRef = 94C6660E298FB97700FE01B6 /* UserListViewModelProtocol.swift */; };
		94C66611298FBB8600FE01B6 /* HasCustomView.swift in Sources */ = {isa = PBXBuildFile; fileRef = 94C66610298FBB8600FE01B6 /* HasCustomView.swift */; };
		94C66613298FBBC800FE01B6 /* UserListView.swift in Sources */ = {isa = PBXBuildFile; fileRef = 94C66612298FBBC800FE01B6 /* UserListView.swift */; };
		94C66615298FF76500FE01B6 /* UserListCollectionViewLayout.swift in Sources */ = {isa = PBXBuildFile; fileRef = 94C66614298FF76500FE01B6 /* UserListCollectionViewLayout.swift */; };
		94C6661A29902EBB00FE01B6 /* UsersRemoteDataSourceTests.swift in Sources */ = {isa = PBXBuildFile; fileRef = 94C6661929902EBB00FE01B6 /* UsersRemoteDataSourceTests.swift */; };
		94C6661C29903ADC00FE01B6 /* SDWebImage in Frameworks */ = {isa = PBXBuildFile; productRef = 94C6661B29903ADC00FE01B6 /* SDWebImage */; };
		94CA2B112956148700752454 /* SceneDelegate.swift in Sources */ = {isa = PBXBuildFile; fileRef = 94CA2B102956148700752454 /* SceneDelegate.swift */; };
		94CA2B152956220600752454 /* HttpNetworking.swift in Sources */ = {isa = PBXBuildFile; fileRef = 94CA2B132956220600752454 /* HttpNetworking.swift */; };
		94CA2B162956220600752454 /* RemoteUrlConfigurations.swift in Sources */ = {isa = PBXBuildFile; fileRef = 94CA2B142956220600752454 /* RemoteUrlConfigurations.swift */; };
		94CA2B1D295628B700752454 /* UserDetails.swift in Sources */ = {isa = PBXBuildFile; fileRef = 94CA2B1C295628B700752454 /* UserDetails.swift */; };
		94CA2B1F29562B1D00752454 /* Data+Additions.swift in Sources */ = {isa = PBXBuildFile; fileRef = 94CA2B1E29562B1D00752454 /* Data+Additions.swift */; };
		94CA2B2F29562D5100752454 /* Users.json in Resources */ = {isa = PBXBuildFile; fileRef = 94CA2B2E29562D5100752454 /* Users.json */; };
		94CA2B322956397700752454 /* HttpNetworkingMock.swift in Sources */ = {isa = PBXBuildFile; fileRef = 94CA2B312956397700752454 /* HttpNetworkingMock.swift */; };
		94CA2B3929563D2700752454 /* TestHelpers.swift in Sources */ = {isa = PBXBuildFile; fileRef = 94CA2B3829563D2700752454 /* TestHelpers.swift */; };
		94CA2B3C2956499F00752454 /* Factory in Frameworks */ = {isa = PBXBuildFile; productRef = 94CA2B3B2956499F00752454 /* Factory */; };
		94CA2B402957A65E00752454 /* UserListViewModel.swift in Sources */ = {isa = PBXBuildFile; fileRef = 94CA2B3F2957A65E00752454 /* UserListViewModel.swift */; };
		94CA2B442957D2D000752454 /* UserListViewModelTests.swift in Sources */ = {isa = PBXBuildFile; fileRef = 94CA2B432957D2D000752454 /* UserListViewModelTests.swift */; };
		94CA2B4829588D2C00752454 /* UserListViewController.swift in Sources */ = {isa = PBXBuildFile; fileRef = 94CA2B4729588D2C00752454 /* UserListViewController.swift */; };
		94CA2B4A29588D7F00752454 /* UserListCollectionView.swift in Sources */ = {isa = PBXBuildFile; fileRef = 94CA2B4929588D7F00752454 /* UserListCollectionView.swift */; };
		94CA2B4C29588D9E00752454 /* UserListCollectionViewDataSource.swift in Sources */ = {isa = PBXBuildFile; fileRef = 94CA2B4B29588D9E00752454 /* UserListCollectionViewDataSource.swift */; };
		94CA2B4E29588E4100752454 /* UICollectionView+Additions.swift in Sources */ = {isa = PBXBuildFile; fileRef = 94CA2B4D29588E4100752454 /* UICollectionView+Additions.swift */; };
		94CA2B5029588F6400752454 /* UserListCollectionViewCell.swift in Sources */ = {isa = PBXBuildFile; fileRef = 94CA2B4F29588F6400752454 /* UserListCollectionViewCell.swift */; };
		94CA2B5229588FC800752454 /* UserListCollectionViewSectionHeaderView.swift in Sources */ = {isa = PBXBuildFile; fileRef = 94CA2B5129588FC800752454 /* UserListCollectionViewSectionHeaderView.swift */; };
		94CA2B552958936000752454 /* SDWebImage in Frameworks */ = {isa = PBXBuildFile; productRef = 94CA2B542958936000752454 /* SDWebImage */; };
		94CA2B572958DB4500752454 /* AppCoordinator.swift in Sources */ = {isa = PBXBuildFile; fileRef = 94CA2B562958DB4500752454 /* AppCoordinator.swift */; };
		94CA2B5A2958DB6100752454 /* BaseCoordinator.swift in Sources */ = {isa = PBXBuildFile; fileRef = 94CA2B582958DB6100752454 /* BaseCoordinator.swift */; };
		94CA2B5B2958DB6100752454 /* Coordinator.swift in Sources */ = {isa = PBXBuildFile; fileRef = 94CA2B592958DB6100752454 /* Coordinator.swift */; };
		94CA2B5D2958DCB000752454 /* UserListCoordinator.swift in Sources */ = {isa = PBXBuildFile; fileRef = 94CA2B5C2958DCB000752454 /* UserListCoordinator.swift */; };
		94CA2B5F2958DD4C00752454 /* DisplayerProtocol.swift in Sources */ = {isa = PBXBuildFile; fileRef = 94CA2B5E2958DD4C00752454 /* DisplayerProtocol.swift */; };
		94CA2B682958F2F300752454 /* User.json in Resources */ = {isa = PBXBuildFile; fileRef = 94CA2B672958F2F300752454 /* User.json */; };
		94CA2B6B2958F6ED00752454 /* UserDetailsViewModel.swift in Sources */ = {isa = PBXBuildFile; fileRef = 94CA2B6A2958F6ED00752454 /* UserDetailsViewModel.swift */; };
		94CA2B6D2958F8B600752454 /* UserDetailsViewViewController.swift in Sources */ = {isa = PBXBuildFile; fileRef = 94CA2B6C2958F8B600752454 /* UserDetailsViewViewController.swift */; };
		94CA2B6F2958F94F00752454 /* UserDetailsCoordinator.swift in Sources */ = {isa = PBXBuildFile; fileRef = 94CA2B6E2958F94F00752454 /* UserDetailsCoordinator.swift */; };
		94DDFD8E295A5FAA0018562B /* AccessibilityIdentifiers in Frameworks */ = {isa = PBXBuildFile; productRef = 94DDFD8D295A5FAA0018562B /* AccessibilityIdentifiers */; };
		94DDFD96295A60930018562B /* UserListScreenUITests.swift in Sources */ = {isa = PBXBuildFile; fileRef = 94DDFD95295A60930018562B /* UserListScreenUITests.swift */; };
		94DDFDA0295A64EA0018562B /* BaseTest.swift in Sources */ = {isa = PBXBuildFile; fileRef = 94DDFD9F295A64EA0018562B /* BaseTest.swift */; };
		94DDFDA2295A65640018562B /* XCUIElement+Extensions.swift in Sources */ = {isa = PBXBuildFile; fileRef = 94DDFDA1295A65640018562B /* XCUIElement+Extensions.swift */; };
		94DDFDA9295A67C70018562B /* UserListScreen.swift in Sources */ = {isa = PBXBuildFile; fileRef = 94DDFDA8295A67C70018562B /* UserListScreen.swift */; };
		94DDFDAD295A69720018562B /* AccessibilityIdentifiers in Frameworks */ = {isa = PBXBuildFile; productRef = 94DDFDAC295A69720018562B /* AccessibilityIdentifiers */; };
		94DDFDB0295B322B0018562B /* Ambassador in Frameworks */ = {isa = PBXBuildFile; productRef = 94DDFDAF295B322B0018562B /* Ambassador */; };
		94DDFDB7295B43360018562B /* UITestHelper.swift in Sources */ = {isa = PBXBuildFile; fileRef = 94DDFDB6295B43360018562B /* UITestHelper.swift */; };
		94DDFDB8295B44360018562B /* Users.json in Resources */ = {isa = PBXBuildFile; fileRef = 94CA2B2E29562D5100752454 /* Users.json */; };
		94DDFDB9295B44360018562B /* User.json in Resources */ = {isa = PBXBuildFile; fileRef = 94CA2B672958F2F300752454 /* User.json */; };
		94DDFDBC295B551E0018562B /* UserDetailsScreen.swift in Sources */ = {isa = PBXBuildFile; fileRef = 94DDFDBB295B551E0018562B /* UserDetailsScreen.swift */; };
		94DDFDBE295B55400018562B /* ScreenBase.swift in Sources */ = {isa = PBXBuildFile; fileRef = 94DDFDBD295B55400018562B /* ScreenBase.swift */; };
		94DDFDC0295B55D90018562B /* UserDetailsScreenUITests.swift in Sources */ = {isa = PBXBuildFile; fileRef = 94DDFDBF295B55D90018562B /* UserDetailsScreenUITests.swift */; };
		94DDFDC2295B57350018562B /* Routes.swift in Sources */ = {isa = PBXBuildFile; fileRef = 94DDFDC1295B57350018562B /* Routes.swift */; };
		94DDFDC4295B64440018562B /* Router+Additions.swift in Sources */ = {isa = PBXBuildFile; fileRef = 94DDFDC3295B64440018562B /* Router+Additions.swift */; };
		94DDFDC8295B76E10018562B /* Reachability.swift in Sources */ = {isa = PBXBuildFile; fileRef = 94DDFDC7295B76E10018562B /* Reachability.swift */; };
		94E5C3012959F1B400BAF3A4 /* UserDetailsView.swift in Sources */ = {isa = PBXBuildFile; fileRef = 94E5C3002959F1B400BAF3A4 /* UserDetailsView.swift */; };
		94E5C303295A088300BAF3A4 /* Publisher+Additions.swift in Sources */ = {isa = PBXBuildFile; fileRef = 94E5C302295A088300BAF3A4 /* Publisher+Additions.swift */; };
		94E5C306295A1AC400BAF3A4 /* UserDetailsViewModelTests.swift in Sources */ = {isa = PBXBuildFile; fileRef = 94E5C305295A1AC400BAF3A4 /* UserDetailsViewModelTests.swift */; };
		94E5C30A295A2E0500BAF3A4 /* ErrorView.swift in Sources */ = {isa = PBXBuildFile; fileRef = 94E5C309295A2E0500BAF3A4 /* ErrorView.swift */; };
		94FCB14529708E1A002E3F84 /* UserEntity+CoreDataClass.swift in Sources */ = {isa = PBXBuildFile; fileRef = 94FCB14329708E1A002E3F84 /* UserEntity+CoreDataClass.swift */; };
		94FCB14629708E1A002E3F84 /* UserEntity+CoreDataProperties.swift in Sources */ = {isa = PBXBuildFile; fileRef = 94FCB14429708E1A002E3F84 /* UserEntity+CoreDataProperties.swift */; };
		94FCB14929709200002E3F84 /* UserEntity+CustomAdditions.swift in Sources */ = {isa = PBXBuildFile; fileRef = 94FCB14829709200002E3F84 /* UserEntity+CustomAdditions.swift */; };
/* End PBXBuildFile section */

/* Begin PBXContainerItemProxy section */
		94CA2B2829562C7C00752454 /* PBXContainerItemProxy */ = {
			isa = PBXContainerItemProxy;
			containerPortal = 948542842954F7AD00D46B66 /* Project object */;
			proxyType = 1;
			remoteGlobalIDString = 9485428B2954F7AD00D46B66;
			remoteInfo = GithubUsers;
		};
		94DDFD99295A60930018562B /* PBXContainerItemProxy */ = {
			isa = PBXContainerItemProxy;
			containerPortal = 948542842954F7AD00D46B66 /* Project object */;
			proxyType = 1;
			remoteGlobalIDString = 9485428B2954F7AD00D46B66;
			remoteInfo = GithubUsers;
		};
/* End PBXContainerItemProxy section */

/* Begin PBXFileReference section */
		9413B506295F6B5A00F0CD91 /* ReachabilityManager.swift */ = {isa = PBXFileReference; lastKnownFileType = sourcecode.swift; path = ReachabilityManager.swift; sourceTree = "<group>"; };
		94687593296072D1008938F1 /* ReachabilityView.swift */ = {isa = PBXFileReference; lastKnownFileType = sourcecode.swift; path = ReachabilityView.swift; sourceTree = "<group>"; };
		94687595296097E1008938F1 /* UIActivityIndicatorView+Additions.swift */ = {isa = PBXFileReference; lastKnownFileType = sourcecode.swift; path = "UIActivityIndicatorView+Additions.swift"; sourceTree = "<group>"; };
		947AB2E52969FA6000F8136E /* UsersLocalDataSource.swift */ = {isa = PBXFileReference; lastKnownFileType = sourcecode.swift; path = UsersLocalDataSource.swift; sourceTree = "<group>"; };
		947AB2E82969FADC00F8136E /* UsersRemoteDataSource.swift */ = {isa = PBXFileReference; lastKnownFileType = sourcecode.swift; path = UsersRemoteDataSource.swift; sourceTree = "<group>"; };
		947AB2EA2969FF2400F8136E /* UsersRepository.swift */ = {isa = PBXFileReference; lastKnownFileType = sourcecode.swift; path = UsersRepository.swift; sourceTree = "<group>"; };
		947FB349296722C6005F1944 /* UserListViewModelCoordinatorDelegate.swift */ = {isa = PBXFileReference; lastKnownFileType = sourcecode.swift; path = UserListViewModelCoordinatorDelegate.swift; sourceTree = "<group>"; };
		947FB34B296722E5005F1944 /* UserListViewModelInput.swift */ = {isa = PBXFileReference; lastKnownFileType = sourcecode.swift; path = UserListViewModelInput.swift; sourceTree = "<group>"; };
		947FB34D29672397005F1944 /* UserListViewModel.State.swift */ = {isa = PBXFileReference; lastKnownFileType = sourcecode.swift; path = UserListViewModel.State.swift; sourceTree = "<group>"; };
		947FB34F296723B9005F1944 /* UserListViewModel.Section.swift */ = {isa = PBXFileReference; lastKnownFileType = sourcecode.swift; path = UserListViewModel.Section.swift; sourceTree = "<group>"; };
		947FB35229672750005F1944 /* Reachability+Additions.swift */ = {isa = PBXFileReference; lastKnownFileType = sourcecode.swift; path = "Reachability+Additions.swift"; sourceTree = "<group>"; };
		947FB35529674534005F1944 /* UserDetailsViewModel.State.swift */ = {isa = PBXFileReference; lastKnownFileType = sourcecode.swift; path = UserDetailsViewModel.State.swift; sourceTree = "<group>"; };
		947FB3572967466F005F1944 /* UserDetailsViewModelProtocol.swift */ = {isa = PBXFileReference; lastKnownFileType = sourcecode.swift; path = UserDetailsViewModelProtocol.swift; sourceTree = "<group>"; };
		947FB35A2967591B005F1944 /* CoreDataStorage.swift */ = {isa = PBXFileReference; fileEncoding = 4; lastKnownFileType = sourcecode.swift; path = CoreDataStorage.swift; sourceTree = "<group>"; };
		947FB35D29678FB2005F1944 /* Database.xcdatamodel */ = {isa = PBXFileReference; lastKnownFileType = wrapper.xcdatamodel; path = Database.xcdatamodel; sourceTree = "<group>"; };
		9485428C2954F7AD00D46B66 /* GithubUsers.app */ = {isa = PBXFileReference; explicitFileType = wrapper.application; includeInIndex = 0; path = GithubUsers.app; sourceTree = BUILT_PRODUCTS_DIR; };
		9485428F2954F7AD00D46B66 /* AppDelegate.swift */ = {isa = PBXFileReference; lastKnownFileType = sourcecode.swift; path = AppDelegate.swift; sourceTree = "<group>"; };
		948542982954F7AE00D46B66 /* Assets.xcassets */ = {isa = PBXFileReference; lastKnownFileType = folder.assetcatalog; path = Assets.xcassets; sourceTree = "<group>"; };
		9485429B2954F7AE00D46B66 /* Base */ = {isa = PBXFileReference; lastKnownFileType = file.storyboard; name = Base; path = Base.lproj/LaunchScreen.storyboard; sourceTree = "<group>"; };
		9485429D2954F7AE00D46B66 /* Info.plist */ = {isa = PBXFileReference; lastKnownFileType = text.plist.xml; path = Info.plist; sourceTree = "<group>"; };
		94A9DCD82991A14600336B07 /* UsersLocalDataSourceTests.swift */ = {isa = PBXFileReference; lastKnownFileType = sourcecode.swift; path = UsersLocalDataSourceTests.swift; sourceTree = "<group>"; };
		94AD0DC8295A5D5B007CB48F /* AccessibilityIdentifiers */ = {isa = PBXFileReference; lastKnownFileType = wrapper; name = AccessibilityIdentifiers; path = SharedModules/AccessibilityIdentifiers; sourceTree = "<group>"; };
		94C6660B298DB13500FE01B6 /* DictionaryConvertible.swift */ = {isa = PBXFileReference; lastKnownFileType = sourcecode.swift; path = DictionaryConvertible.swift; sourceTree = "<group>"; };
		94C6660E298FB97700FE01B6 /* UserListViewModelProtocol.swift */ = {isa = PBXFileReference; lastKnownFileType = sourcecode.swift; path = UserListViewModelProtocol.swift; sourceTree = "<group>"; };
		94C66610298FBB8600FE01B6 /* HasCustomView.swift */ = {isa = PBXFileReference; lastKnownFileType = sourcecode.swift; path = HasCustomView.swift; sourceTree = "<group>"; };
		94C66612298FBBC800FE01B6 /* UserListView.swift */ = {isa = PBXFileReference; lastKnownFileType = sourcecode.swift; path = UserListView.swift; sourceTree = "<group>"; };
		94C66614298FF76500FE01B6 /* UserListCollectionViewLayout.swift */ = {isa = PBXFileReference; lastKnownFileType = sourcecode.swift; path = UserListCollectionViewLayout.swift; sourceTree = "<group>"; };
		94C6661929902EBB00FE01B6 /* UsersRemoteDataSourceTests.swift */ = {isa = PBXFileReference; lastKnownFileType = sourcecode.swift; path = UsersRemoteDataSourceTests.swift; sourceTree = "<group>"; };
		94CA2B102956148700752454 /* SceneDelegate.swift */ = {isa = PBXFileReference; fileEncoding = 4; lastKnownFileType = sourcecode.swift; path = SceneDelegate.swift; sourceTree = "<group>"; };
		94CA2B132956220600752454 /* HttpNetworking.swift */ = {isa = PBXFileReference; fileEncoding = 4; lastKnownFileType = sourcecode.swift; path = HttpNetworking.swift; sourceTree = "<group>"; };
		94CA2B142956220600752454 /* RemoteUrlConfigurations.swift */ = {isa = PBXFileReference; fileEncoding = 4; lastKnownFileType = sourcecode.swift; path = RemoteUrlConfigurations.swift; sourceTree = "<group>"; };
		94CA2B1C295628B700752454 /* UserDetails.swift */ = {isa = PBXFileReference; lastKnownFileType = sourcecode.swift; path = UserDetails.swift; sourceTree = "<group>"; };
		94CA2B1E29562B1D00752454 /* Data+Additions.swift */ = {isa = PBXFileReference; fileEncoding = 4; lastKnownFileType = sourcecode.swift; path = "Data+Additions.swift"; sourceTree = "<group>"; };
		94CA2B2429562C7C00752454 /* GithubUsersTests.xctest */ = {isa = PBXFileReference; explicitFileType = wrapper.cfbundle; includeInIndex = 0; path = GithubUsersTests.xctest; sourceTree = BUILT_PRODUCTS_DIR; };
		94CA2B2E29562D5100752454 /* Users.json */ = {isa = PBXFileReference; fileEncoding = 4; lastKnownFileType = text.json; path = Users.json; sourceTree = "<group>"; };
		94CA2B312956397700752454 /* HttpNetworkingMock.swift */ = {isa = PBXFileReference; lastKnownFileType = sourcecode.swift; path = HttpNetworkingMock.swift; sourceTree = "<group>"; };
		94CA2B3829563D2700752454 /* TestHelpers.swift */ = {isa = PBXFileReference; lastKnownFileType = sourcecode.swift; path = TestHelpers.swift; sourceTree = "<group>"; };
		94CA2B3F2957A65E00752454 /* UserListViewModel.swift */ = {isa = PBXFileReference; lastKnownFileType = sourcecode.swift; path = UserListViewModel.swift; sourceTree = "<group>"; };
		94CA2B432957D2D000752454 /* UserListViewModelTests.swift */ = {isa = PBXFileReference; lastKnownFileType = sourcecode.swift; path = UserListViewModelTests.swift; sourceTree = "<group>"; };
		94CA2B4729588D2C00752454 /* UserListViewController.swift */ = {isa = PBXFileReference; lastKnownFileType = sourcecode.swift; path = UserListViewController.swift; sourceTree = "<group>"; };
		94CA2B4929588D7F00752454 /* UserListCollectionView.swift */ = {isa = PBXFileReference; lastKnownFileType = sourcecode.swift; path = UserListCollectionView.swift; sourceTree = "<group>"; };
		94CA2B4B29588D9E00752454 /* UserListCollectionViewDataSource.swift */ = {isa = PBXFileReference; lastKnownFileType = sourcecode.swift; path = UserListCollectionViewDataSource.swift; sourceTree = "<group>"; };
		94CA2B4D29588E4100752454 /* UICollectionView+Additions.swift */ = {isa = PBXFileReference; fileEncoding = 4; lastKnownFileType = sourcecode.swift; path = "UICollectionView+Additions.swift"; sourceTree = "<group>"; };
		94CA2B4F29588F6400752454 /* UserListCollectionViewCell.swift */ = {isa = PBXFileReference; lastKnownFileType = sourcecode.swift; path = UserListCollectionViewCell.swift; sourceTree = "<group>"; };
		94CA2B5129588FC800752454 /* UserListCollectionViewSectionHeaderView.swift */ = {isa = PBXFileReference; lastKnownFileType = sourcecode.swift; path = UserListCollectionViewSectionHeaderView.swift; sourceTree = "<group>"; };
		94CA2B562958DB4500752454 /* AppCoordinator.swift */ = {isa = PBXFileReference; fileEncoding = 4; lastKnownFileType = sourcecode.swift; path = AppCoordinator.swift; sourceTree = "<group>"; };
		94CA2B582958DB6100752454 /* BaseCoordinator.swift */ = {isa = PBXFileReference; fileEncoding = 4; lastKnownFileType = sourcecode.swift; path = BaseCoordinator.swift; sourceTree = "<group>"; };
		94CA2B592958DB6100752454 /* Coordinator.swift */ = {isa = PBXFileReference; fileEncoding = 4; lastKnownFileType = sourcecode.swift; path = Coordinator.swift; sourceTree = "<group>"; };
		94CA2B5C2958DCB000752454 /* UserListCoordinator.swift */ = {isa = PBXFileReference; lastKnownFileType = sourcecode.swift; path = UserListCoordinator.swift; sourceTree = "<group>"; };
		94CA2B5E2958DD4C00752454 /* DisplayerProtocol.swift */ = {isa = PBXFileReference; lastKnownFileType = sourcecode.swift; path = DisplayerProtocol.swift; sourceTree = "<group>"; };
		94CA2B672958F2F300752454 /* User.json */ = {isa = PBXFileReference; lastKnownFileType = text.json; path = User.json; sourceTree = "<group>"; };
		94CA2B6A2958F6ED00752454 /* UserDetailsViewModel.swift */ = {isa = PBXFileReference; lastKnownFileType = sourcecode.swift; path = UserDetailsViewModel.swift; sourceTree = "<group>"; };
		94CA2B6C2958F8B600752454 /* UserDetailsViewViewController.swift */ = {isa = PBXFileReference; lastKnownFileType = sourcecode.swift; path = UserDetailsViewViewController.swift; sourceTree = "<group>"; };
		94CA2B6E2958F94F00752454 /* UserDetailsCoordinator.swift */ = {isa = PBXFileReference; lastKnownFileType = sourcecode.swift; path = UserDetailsCoordinator.swift; sourceTree = "<group>"; };
		94DDFD93295A60930018562B /* GithubUsersUITests.xctest */ = {isa = PBXFileReference; explicitFileType = wrapper.cfbundle; includeInIndex = 0; path = GithubUsersUITests.xctest; sourceTree = BUILT_PRODUCTS_DIR; };
		94DDFD95295A60930018562B /* UserListScreenUITests.swift */ = {isa = PBXFileReference; lastKnownFileType = sourcecode.swift; path = UserListScreenUITests.swift; sourceTree = "<group>"; };
		94DDFD9F295A64EA0018562B /* BaseTest.swift */ = {isa = PBXFileReference; lastKnownFileType = sourcecode.swift; path = BaseTest.swift; sourceTree = "<group>"; };
		94DDFDA1295A65640018562B /* XCUIElement+Extensions.swift */ = {isa = PBXFileReference; lastKnownFileType = sourcecode.swift; path = "XCUIElement+Extensions.swift"; sourceTree = "<group>"; };
		94DDFDA8295A67C70018562B /* UserListScreen.swift */ = {isa = PBXFileReference; lastKnownFileType = sourcecode.swift; path = UserListScreen.swift; sourceTree = "<group>"; };
		94DDFDB6295B43360018562B /* UITestHelper.swift */ = {isa = PBXFileReference; lastKnownFileType = sourcecode.swift; path = UITestHelper.swift; sourceTree = "<group>"; };
		94DDFDBB295B551E0018562B /* UserDetailsScreen.swift */ = {isa = PBXFileReference; lastKnownFileType = sourcecode.swift; path = UserDetailsScreen.swift; sourceTree = "<group>"; };
		94DDFDBD295B55400018562B /* ScreenBase.swift */ = {isa = PBXFileReference; lastKnownFileType = sourcecode.swift; path = ScreenBase.swift; sourceTree = "<group>"; };
		94DDFDBF295B55D90018562B /* UserDetailsScreenUITests.swift */ = {isa = PBXFileReference; lastKnownFileType = sourcecode.swift; path = UserDetailsScreenUITests.swift; sourceTree = "<group>"; };
		94DDFDC1295B57350018562B /* Routes.swift */ = {isa = PBXFileReference; lastKnownFileType = sourcecode.swift; path = Routes.swift; sourceTree = "<group>"; };
		94DDFDC3295B64440018562B /* Router+Additions.swift */ = {isa = PBXFileReference; lastKnownFileType = sourcecode.swift; path = "Router+Additions.swift"; sourceTree = "<group>"; };
		94DDFDC7295B76E10018562B /* Reachability.swift */ = {isa = PBXFileReference; lastKnownFileType = sourcecode.swift; path = Reachability.swift; sourceTree = "<group>"; };
		94E5C3002959F1B400BAF3A4 /* UserDetailsView.swift */ = {isa = PBXFileReference; lastKnownFileType = sourcecode.swift; path = UserDetailsView.swift; sourceTree = "<group>"; };
		94E5C302295A088300BAF3A4 /* Publisher+Additions.swift */ = {isa = PBXFileReference; lastKnownFileType = sourcecode.swift; path = "Publisher+Additions.swift"; sourceTree = "<group>"; };
		94E5C305295A1AC400BAF3A4 /* UserDetailsViewModelTests.swift */ = {isa = PBXFileReference; lastKnownFileType = sourcecode.swift; path = UserDetailsViewModelTests.swift; sourceTree = "<group>"; };
		94E5C309295A2E0500BAF3A4 /* ErrorView.swift */ = {isa = PBXFileReference; lastKnownFileType = sourcecode.swift; path = ErrorView.swift; sourceTree = "<group>"; };
		94FCB14329708E1A002E3F84 /* UserEntity+CoreDataClass.swift */ = {isa = PBXFileReference; lastKnownFileType = sourcecode.swift; path = "UserEntity+CoreDataClass.swift"; sourceTree = "<group>"; };
		94FCB14429708E1A002E3F84 /* UserEntity+CoreDataProperties.swift */ = {isa = PBXFileReference; lastKnownFileType = sourcecode.swift; path = "UserEntity+CoreDataProperties.swift"; sourceTree = "<group>"; };
		94FCB14829709200002E3F84 /* UserEntity+CustomAdditions.swift */ = {isa = PBXFileReference; lastKnownFileType = sourcecode.swift; path = "UserEntity+CustomAdditions.swift"; sourceTree = "<group>"; };
/* End PBXFileReference section */

/* Begin PBXFrameworksBuildPhase section */
		948542892954F7AD00D46B66 /* Frameworks */ = {
			isa = PBXFrameworksBuildPhase;
			buildActionMask = 2147483647;
			files = (
				94CA2B552958936000752454 /* SDWebImage in Frameworks */,
				94DDFD8E295A5FAA0018562B /* AccessibilityIdentifiers in Frameworks */,
				94CA2B3C2956499F00752454 /* Factory in Frameworks */,
			);
			runOnlyForDeploymentPostprocessing = 0;
		};
		94CA2B2129562C7C00752454 /* Frameworks */ = {
			isa = PBXFrameworksBuildPhase;
			buildActionMask = 2147483647;
			files = (
				94C6661C29903ADC00FE01B6 /* SDWebImage in Frameworks */,
			);
			runOnlyForDeploymentPostprocessing = 0;
		};
		94DDFD90295A60930018562B /* Frameworks */ = {
			isa = PBXFrameworksBuildPhase;
			buildActionMask = 2147483647;
			files = (
				94DDFDAD295A69720018562B /* AccessibilityIdentifiers in Frameworks */,
				94DDFDB0295B322B0018562B /* Ambassador in Frameworks */,
			);
			runOnlyForDeploymentPostprocessing = 0;
		};
/* End PBXFrameworksBuildPhase section */

/* Begin PBXGroup section */
		947AB2E02968E79000F8136E /* Repositories */ = {
			isa = PBXGroup;
			children = (
				947AB2EA2969FF2400F8136E /* UsersRepository.swift */,
			);
			path = Repositories;
			sourceTree = "<group>";
		};
		947AB2E12969F99200F8136E /* DataSources */ = {
			isa = PBXGroup;
			children = (
				947AB2E32969F9A100F8136E /* LocalDataSource */,
				947AB2E22969F99900F8136E /* RemoteDataSource */,
			);
			path = DataSources;
			sourceTree = "<group>";
		};
		947AB2E22969F99900F8136E /* RemoteDataSource */ = {
			isa = PBXGroup;
			children = (
				947AB2E72969FAA000F8136E /* DataTransferObjects */,
				947AB2E42969F9ED00F8136E /* Utils */,
				947AB2E82969FADC00F8136E /* UsersRemoteDataSource.swift */,
			);
			path = RemoteDataSource;
			sourceTree = "<group>";
		};
		947AB2E32969F9A100F8136E /* LocalDataSource */ = {
			isa = PBXGroup;
			children = (
				94CA2B1B295628AF00752454 /* Entities */,
				947FB3592967591B005F1944 /* LocalDataStorage */,
				947AB2E52969FA6000F8136E /* UsersLocalDataSource.swift */,
			);
			path = LocalDataSource;
			sourceTree = "<group>";
		};
		947AB2E42969F9ED00F8136E /* Utils */ = {
			isa = PBXGroup;
			children = (
				94CA2B132956220600752454 /* HttpNetworking.swift */,
				94CA2B142956220600752454 /* RemoteUrlConfigurations.swift */,
			);
			path = Utils;
			sourceTree = "<group>";
		};
		947AB2E72969FAA000F8136E /* DataTransferObjects */ = {
			isa = PBXGroup;
			children = (
				94CA2B1C295628B700752454 /* UserDetails.swift */,
			);
			path = DataTransferObjects;
			sourceTree = "<group>";
		};
		947FB348296722B2005F1944 /* ViewModel */ = {
			isa = PBXGroup;
			children = (
				94CA2B3F2957A65E00752454 /* UserListViewModel.swift */,
				947FB349296722C6005F1944 /* UserListViewModelCoordinatorDelegate.swift */,
				947FB34B296722E5005F1944 /* UserListViewModelInput.swift */,
				947FB34D29672397005F1944 /* UserListViewModel.State.swift */,
				947FB34F296723B9005F1944 /* UserListViewModel.Section.swift */,
				94C6660E298FB97700FE01B6 /* UserListViewModelProtocol.swift */,
			);
			path = ViewModel;
			sourceTree = "<group>";
		};
		947FB3512967272C005F1944 /* Reachability */ = {
			isa = PBXGroup;
			children = (
				94687593296072D1008938F1 /* ReachabilityView.swift */,
				9413B506295F6B5A00F0CD91 /* ReachabilityManager.swift */,
				94DDFDC7295B76E10018562B /* Reachability.swift */,
				947FB35229672750005F1944 /* Reachability+Additions.swift */,
			);
			path = Reachability;
			sourceTree = "<group>";
		};
		947FB35429674524005F1944 /* UserDetailsViewModelComponents */ = {
			isa = PBXGroup;
			children = (
				947FB35529674534005F1944 /* UserDetailsViewModel.State.swift */,
				94CA2B6A2958F6ED00752454 /* UserDetailsViewModel.swift */,
				947FB3572967466F005F1944 /* UserDetailsViewModelProtocol.swift */,
			);
			path = UserDetailsViewModelComponents;
			sourceTree = "<group>";
		};
		947FB3592967591B005F1944 /* LocalDataStorage */ = {
			isa = PBXGroup;
			children = (
				947FB35A2967591B005F1944 /* CoreDataStorage.swift */,
			);
			path = LocalDataStorage;
			sourceTree = "<group>";
		};
		948542832954F7AD00D46B66 = {
			isa = PBXGroup;
			children = (
				9485428E2954F7AD00D46B66 /* GithubUsers */,
				94CA2B2529562C7C00752454 /* GithubUsersTests */,
				94DDFD94295A60930018562B /* GithubUsersUITests */,
				94AD0DC7295A5D5B007CB48F /* Packages */,
				94CA2B602958EDF100752454 /* Frameworks */,
				9485428D2954F7AD00D46B66 /* Products */,
			);
			sourceTree = "<group>";
		};
		9485428D2954F7AD00D46B66 /* Products */ = {
			isa = PBXGroup;
			children = (
				9485428C2954F7AD00D46B66 /* GithubUsers.app */,
				94CA2B2429562C7C00752454 /* GithubUsersTests.xctest */,
				94DDFD93295A60930018562B /* GithubUsersUITests.xctest */,
			);
			name = Products;
			sourceTree = "<group>";
		};
		9485428E2954F7AD00D46B66 /* GithubUsers */ = {
			isa = PBXGroup;
			children = (
				94CA2B082955055800752454 /* App */,
				94CA2B1A2956289E00752454 /* Model */,
				94CA2B07295503E700752454 /* Resources */,
				94CA2B3D2957A64200752454 /* Screens */,
				94CA2B12295621BA00752454 /* Shared */,
			);
			path = GithubUsers;
			sourceTree = "<group>";
		};
		94A9DCD72991A13100336B07 /* LocalDataSource */ = {
			isa = PBXGroup;
			children = (
				94A9DCD82991A14600336B07 /* UsersLocalDataSourceTests.swift */,
			);
			path = LocalDataSource;
			sourceTree = "<group>";
		};
		94AD0DC7295A5D5B007CB48F /* Packages */ = {
			isa = PBXGroup;
			children = (
				94AD0DC8295A5D5B007CB48F /* AccessibilityIdentifiers */,
			);
			name = Packages;
			sourceTree = "<group>";
		};
		94C6660A298DB12700FE01B6 /* Utils */ = {
			isa = PBXGroup;
			children = (
				94C6660B298DB13500FE01B6 /* DictionaryConvertible.swift */,
			);
			path = Utils;
			sourceTree = "<group>";
		};
		94C6660D298FB82400FE01B6 /* View */ = {
			isa = PBXGroup;
			children = (
				94CA2B4929588D7F00752454 /* UserListCollectionView.swift */,
				94CA2B4F29588F6400752454 /* UserListCollectionViewCell.swift */,
				94CA2B4B29588D9E00752454 /* UserListCollectionViewDataSource.swift */,
				94C66614298FF76500FE01B6 /* UserListCollectionViewLayout.swift */,
				94CA2B5129588FC800752454 /* UserListCollectionViewSectionHeaderView.swift */,
				94C66612298FBBC800FE01B6 /* UserListView.swift */,
			);
			path = View;
			sourceTree = "<group>";
		};
		94C6661629902E2400FE01B6 /* Model */ = {
			isa = PBXGroup;
			children = (
				94C6661729902E2A00FE01B6 /* DataSources */,
			);
			path = Model;
			sourceTree = "<group>";
		};
		94C6661729902E2A00FE01B6 /* DataSources */ = {
			isa = PBXGroup;
			children = (
				94A9DCD72991A13100336B07 /* LocalDataSource */,
				94C6661829902E3000FE01B6 /* RemoteDataSource */,
			);
			path = DataSources;
			sourceTree = "<group>";
		};
		94C6661829902E3000FE01B6 /* RemoteDataSource */ = {
			isa = PBXGroup;
			children = (
				94C6661929902EBB00FE01B6 /* UsersRemoteDataSourceTests.swift */,
			);
			path = RemoteDataSource;
			sourceTree = "<group>";
		};
		94CA2B07295503E700752454 /* Resources */ = {
			isa = PBXGroup;
			children = (
				948542982954F7AE00D46B66 /* Assets.xcassets */,
				9485429A2954F7AE00D46B66 /* LaunchScreen.storyboard */,
				9485429D2954F7AE00D46B66 /* Info.plist */,
				947FB35C29678FB2005F1944 /* Database.xcdatamodeld */,
			);
			path = Resources;
			sourceTree = "<group>";
		};
		94CA2B082955055800752454 /* App */ = {
			isa = PBXGroup;
			children = (
				947FB3512967272C005F1944 /* Reachability */,
				94CA2B562958DB4500752454 /* AppCoordinator.swift */,
				9485428F2954F7AD00D46B66 /* AppDelegate.swift */,
				94CA2B102956148700752454 /* SceneDelegate.swift */,
			);
			path = App;
			sourceTree = "<group>";
		};
		94CA2B12295621BA00752454 /* Shared */ = {
			isa = PBXGroup;
			children = (
				94C6660A298DB12700FE01B6 /* Utils */,
				94DDFDC9295B77050018562B /* Coordinators */,
				94DDFDCC295B77410018562B /* Extensions */,
				94DDFDCB295B772F0018562B /* SharedViews */,
			);
			path = Shared;
			sourceTree = "<group>";
		};
		94CA2B1A2956289E00752454 /* Model */ = {
			isa = PBXGroup;
			children = (
				947AB2E12969F99200F8136E /* DataSources */,
				947AB2E02968E79000F8136E /* Repositories */,
			);
			path = Model;
			sourceTree = "<group>";
		};
		94CA2B1B295628AF00752454 /* Entities */ = {
			isa = PBXGroup;
			children = (
				94FCB14729709002002E3F84 /* UserEntity */,
			);
			path = Entities;
			sourceTree = "<group>";
		};
		94CA2B2529562C7C00752454 /* GithubUsersTests */ = {
			isa = PBXGroup;
			children = (
				94CA2B3729563D1A00752454 /* Helper */,
				94CA2B302956396200752454 /* Mocks */,
				94CA2B2D29562CF100752454 /* Resources */,
				94CA2B3329563BAA00752454 /* Tests */,
			);
			path = GithubUsersTests;
			sourceTree = "<group>";
		};
		94CA2B2D29562CF100752454 /* Resources */ = {
			isa = PBXGroup;
			children = (
				94CA2B2E29562D5100752454 /* Users.json */,
				94CA2B672958F2F300752454 /* User.json */,
			);
			path = Resources;
			sourceTree = "<group>";
		};
		94CA2B302956396200752454 /* Mocks */ = {
			isa = PBXGroup;
			children = (
				94CA2B312956397700752454 /* HttpNetworkingMock.swift */,
			);
			path = Mocks;
			sourceTree = "<group>";
		};
		94CA2B3329563BAA00752454 /* Tests */ = {
			isa = PBXGroup;
			children = (
				94C6661629902E2400FE01B6 /* Model */,
				94CA2B412957D2AC00752454 /* Screens */,
			);
			path = Tests;
			sourceTree = "<group>";
		};
		94CA2B3729563D1A00752454 /* Helper */ = {
			isa = PBXGroup;
			children = (
				94CA2B3829563D2700752454 /* TestHelpers.swift */,
			);
			path = Helper;
			sourceTree = "<group>";
		};
		94CA2B3D2957A64200752454 /* Screens */ = {
			isa = PBXGroup;
			children = (
				94CA2B692958F6DA00752454 /* UserDetails */,
				94CA2B3E2957A64F00752454 /* UserList */,
			);
			path = Screens;
			sourceTree = "<group>";
		};
		94CA2B3E2957A64F00752454 /* UserList */ = {
			isa = PBXGroup;
			children = (
				94CA2B5C2958DCB000752454 /* UserListCoordinator.swift */,
				94CA2B4729588D2C00752454 /* UserListViewController.swift */,
				947FB348296722B2005F1944 /* ViewModel */,
				94C6660D298FB82400FE01B6 /* View */,
			);
			path = UserList;
			sourceTree = "<group>";
		};
		94CA2B412957D2AC00752454 /* Screens */ = {
			isa = PBXGroup;
			children = (
				94E5C304295A1AAF00BAF3A4 /* UserDetails */,
				94CA2B422957D2B600752454 /* UserList */,
			);
			path = Screens;
			sourceTree = "<group>";
		};
		94CA2B422957D2B600752454 /* UserList */ = {
			isa = PBXGroup;
			children = (
				94CA2B432957D2D000752454 /* UserListViewModelTests.swift */,
			);
			path = UserList;
			sourceTree = "<group>";
		};
		94CA2B602958EDF100752454 /* Frameworks */ = {
			isa = PBXGroup;
			children = (
			);
			name = Frameworks;
			sourceTree = "<group>";
		};
		94CA2B692958F6DA00752454 /* UserDetails */ = {
			isa = PBXGroup;
			children = (
				947FB35429674524005F1944 /* UserDetailsViewModelComponents */,
				94CA2B6C2958F8B600752454 /* UserDetailsViewViewController.swift */,
				94CA2B6E2958F94F00752454 /* UserDetailsCoordinator.swift */,
				94E5C3002959F1B400BAF3A4 /* UserDetailsView.swift */,
			);
			path = UserDetails;
			sourceTree = "<group>";
		};
		94DDFD94295A60930018562B /* GithubUsersUITests */ = {
			isa = PBXGroup;
			children = (
				94DDFDA5295A67AC0018562B /* Screens */,
				94DDFD9E295A64DC0018562B /* Shared */,
				94DDFDBA295B52F50018562B /* Tests */,
			);
			path = GithubUsersUITests;
			sourceTree = "<group>";
		};
		94DDFD9E295A64DC0018562B /* Shared */ = {
			isa = PBXGroup;
			children = (
				94DDFDBD295B55400018562B /* ScreenBase.swift */,
				94DDFD9F295A64EA0018562B /* BaseTest.swift */,
				94DDFDA1295A65640018562B /* XCUIElement+Extensions.swift */,
				94DDFDB6295B43360018562B /* UITestHelper.swift */,
				94DDFDC1295B57350018562B /* Routes.swift */,
				94DDFDC3295B64440018562B /* Router+Additions.swift */,
			);
			path = Shared;
			sourceTree = "<group>";
		};
		94DDFDA5295A67AC0018562B /* Screens */ = {
			isa = PBXGroup;
			children = (
				94DDFDA7295A67B60018562B /* UserDetails */,
				94DDFDA6295A67B10018562B /* UserList */,
			);
			path = Screens;
			sourceTree = "<group>";
		};
		94DDFDA6295A67B10018562B /* UserList */ = {
			isa = PBXGroup;
			children = (
				94DDFDA8295A67C70018562B /* UserListScreen.swift */,
			);
			path = UserList;
			sourceTree = "<group>";
		};
		94DDFDA7295A67B60018562B /* UserDetails */ = {
			isa = PBXGroup;
			children = (
				94DDFDBB295B551E0018562B /* UserDetailsScreen.swift */,
			);
			path = UserDetails;
			sourceTree = "<group>";
		};
		94DDFDBA295B52F50018562B /* Tests */ = {
			isa = PBXGroup;
			children = (
				94DDFD95295A60930018562B /* UserListScreenUITests.swift */,
				94DDFDBF295B55D90018562B /* UserDetailsScreenUITests.swift */,
			);
			path = Tests;
			sourceTree = "<group>";
		};
		94DDFDC9295B77050018562B /* Coordinators */ = {
			isa = PBXGroup;
			children = (
				94CA2B582958DB6100752454 /* BaseCoordinator.swift */,
				94CA2B592958DB6100752454 /* Coordinator.swift */,
				94CA2B5E2958DD4C00752454 /* DisplayerProtocol.swift */,
			);
			path = Coordinators;
			sourceTree = "<group>";
		};
		94DDFDCB295B772F0018562B /* SharedViews */ = {
			isa = PBXGroup;
			children = (
				94E5C309295A2E0500BAF3A4 /* ErrorView.swift */,
				94687595296097E1008938F1 /* UIActivityIndicatorView+Additions.swift */,
				94C66610298FBB8600FE01B6 /* HasCustomView.swift */,
			);
			path = SharedViews;
			sourceTree = "<group>";
		};
		94DDFDCC295B77410018562B /* Extensions */ = {
			isa = PBXGroup;
			children = (
				94CA2B4D29588E4100752454 /* UICollectionView+Additions.swift */,
				94CA2B1E29562B1D00752454 /* Data+Additions.swift */,
				94E5C302295A088300BAF3A4 /* Publisher+Additions.swift */,
			);
			path = Extensions;
			sourceTree = "<group>";
		};
		94E5C304295A1AAF00BAF3A4 /* UserDetails */ = {
			isa = PBXGroup;
			children = (
				94E5C305295A1AC400BAF3A4 /* UserDetailsViewModelTests.swift */,
			);
			path = UserDetails;
			sourceTree = "<group>";
		};
		94FCB14729709002002E3F84 /* UserEntity */ = {
			isa = PBXGroup;
			children = (
				94FCB14329708E1A002E3F84 /* UserEntity+CoreDataClass.swift */,
				94FCB14429708E1A002E3F84 /* UserEntity+CoreDataProperties.swift */,
				94FCB14829709200002E3F84 /* UserEntity+CustomAdditions.swift */,
			);
			path = UserEntity;
			sourceTree = "<group>";
		};
/* End PBXGroup section */

/* Begin PBXNativeTarget section */
		9485428B2954F7AD00D46B66 /* GithubUsers */ = {
			isa = PBXNativeTarget;
			buildConfigurationList = 948542A02954F7AE00D46B66 /* Build configuration list for PBXNativeTarget "GithubUsers" */;
			buildPhases = (
				94CA2B062954FCB800752454 /* Run Swiftlint */,
				948542882954F7AD00D46B66 /* Sources */,
				948542892954F7AD00D46B66 /* Frameworks */,
				9485428A2954F7AD00D46B66 /* Resources */,
			);
			buildRules = (
			);
			dependencies = (
			);
			name = GithubUsers;
			packageProductDependencies = (
				94CA2B3B2956499F00752454 /* Factory */,
				94CA2B542958936000752454 /* SDWebImage */,
				94DDFD8D295A5FAA0018562B /* AccessibilityIdentifiers */,
			);
			productName = GithubUsers;
			productReference = 9485428C2954F7AD00D46B66 /* GithubUsers.app */;
			productType = "com.apple.product-type.application";
		};
		94CA2B2329562C7C00752454 /* GithubUsersTests */ = {
			isa = PBXNativeTarget;
			buildConfigurationList = 94CA2B2A29562C7C00752454 /* Build configuration list for PBXNativeTarget "GithubUsersTests" */;
			buildPhases = (
				94CA2B2029562C7C00752454 /* Sources */,
				94CA2B2129562C7C00752454 /* Frameworks */,
				94CA2B2229562C7C00752454 /* Resources */,
			);
			buildRules = (
			);
			dependencies = (
				94CA2B2929562C7C00752454 /* PBXTargetDependency */,
			);
			name = GithubUsersTests;
			packageProductDependencies = (
				94C6661B29903ADC00FE01B6 /* SDWebImage */,
			);
			productName = GithubUsersTests;
			productReference = 94CA2B2429562C7C00752454 /* GithubUsersTests.xctest */;
			productType = "com.apple.product-type.bundle.unit-test";
		};
		94DDFD92295A60930018562B /* GithubUsersUITests */ = {
			isa = PBXNativeTarget;
			buildConfigurationList = 94DDFD9B295A60930018562B /* Build configuration list for PBXNativeTarget "GithubUsersUITests" */;
			buildPhases = (
				94DDFD8F295A60930018562B /* Sources */,
				94DDFD90295A60930018562B /* Frameworks */,
				94DDFD91295A60930018562B /* Resources */,
			);
			buildRules = (
			);
			dependencies = (
				94DDFDAB295A69570018562B /* PBXTargetDependency */,
				94DDFD9A295A60930018562B /* PBXTargetDependency */,
			);
			name = GithubUsersUITests;
			packageProductDependencies = (
				94DDFDAC295A69720018562B /* AccessibilityIdentifiers */,
				94DDFDAF295B322B0018562B /* Ambassador */,
			);
			productName = GithubUsersUITests;
			productReference = 94DDFD93295A60930018562B /* GithubUsersUITests.xctest */;
			productType = "com.apple.product-type.bundle.ui-testing";
		};
/* End PBXNativeTarget section */

/* Begin PBXProject section */
		948542842954F7AD00D46B66 /* Project object */ = {
			isa = PBXProject;
			attributes = {
				BuildIndependentTargetsInParallel = 1;
				LastSwiftUpdateCheck = 1410;
				LastUpgradeCheck = 1410;
				TargetAttributes = {
					9485428B2954F7AD00D46B66 = {
						CreatedOnToolsVersion = 14.1;
					};
					94CA2B2329562C7C00752454 = {
						CreatedOnToolsVersion = 14.1;
						TestTargetID = 9485428B2954F7AD00D46B66;
					};
					94DDFD92295A60930018562B = {
						CreatedOnToolsVersion = 14.1;
						TestTargetID = 9485428B2954F7AD00D46B66;
					};
				};
			};
			buildConfigurationList = 948542872954F7AD00D46B66 /* Build configuration list for PBXProject "GithubUsers" */;
			compatibilityVersion = "Xcode 14.0";
			developmentRegion = en;
			hasScannedForEncodings = 0;
			knownRegions = (
				en,
				Base,
			);
			mainGroup = 948542832954F7AD00D46B66;
			packageReferences = (
				94CA2B3A2956499F00752454 /* XCRemoteSwiftPackageReference "Factory" */,
				94CA2B532958936000752454 /* XCRemoteSwiftPackageReference "SDWebImage" */,
				94DDFDAE295B322B0018562B /* XCRemoteSwiftPackageReference "Ambassador" */,
			);
			productRefGroup = 9485428D2954F7AD00D46B66 /* Products */;
			projectDirPath = "";
			projectRoot = "";
			targets = (
				9485428B2954F7AD00D46B66 /* GithubUsers */,
				94CA2B2329562C7C00752454 /* GithubUsersTests */,
				94DDFD92295A60930018562B /* GithubUsersUITests */,
			);
		};
/* End PBXProject section */

/* Begin PBXResourcesBuildPhase section */
		9485428A2954F7AD00D46B66 /* Resources */ = {
			isa = PBXResourcesBuildPhase;
			buildActionMask = 2147483647;
			files = (
				9485429C2954F7AE00D46B66 /* LaunchScreen.storyboard in Resources */,
				948542992954F7AE00D46B66 /* Assets.xcassets in Resources */,
			);
			runOnlyForDeploymentPostprocessing = 0;
		};
		94CA2B2229562C7C00752454 /* Resources */ = {
			isa = PBXResourcesBuildPhase;
			buildActionMask = 2147483647;
			files = (
				94CA2B682958F2F300752454 /* User.json in Resources */,
				94CA2B2F29562D5100752454 /* Users.json in Resources */,
			);
			runOnlyForDeploymentPostprocessing = 0;
		};
		94DDFD91295A60930018562B /* Resources */ = {
			isa = PBXResourcesBuildPhase;
			buildActionMask = 2147483647;
			files = (
				94DDFDB9295B44360018562B /* User.json in Resources */,
				94DDFDB8295B44360018562B /* Users.json in Resources */,
			);
			runOnlyForDeploymentPostprocessing = 0;
		};
/* End PBXResourcesBuildPhase section */

/* Begin PBXShellScriptBuildPhase section */
		94CA2B062954FCB800752454 /* Run Swiftlint */ = {
			isa = PBXShellScriptBuildPhase;
			alwaysOutOfDate = 1;
			buildActionMask = 2147483647;
			files = (
			);
			inputFileListPaths = (
			);
			inputPaths = (
			);
			name = "Run Swiftlint";
			outputFileListPaths = (
			);
			outputPaths = (
			);
			runOnlyForDeploymentPostprocessing = 0;
			shellPath = /bin/sh;
			shellScript = "# Type a script or drag a script file from your workspace to insert its path.\n. \"$SRCROOT/../Utils/SwiftLint/SwiftLintRunner.sh\"\n";
		};
/* End PBXShellScriptBuildPhase section */

/* Begin PBXSourcesBuildPhase section */
		948542882954F7AD00D46B66 /* Sources */ = {
			isa = PBXSourcesBuildPhase;
			buildActionMask = 2147483647;
			files = (
				94FCB14629708E1A002E3F84 /* UserEntity+CoreDataProperties.swift in Sources */,
				94CA2B5029588F6400752454 /* UserListCollectionViewCell.swift in Sources */,
				94CA2B5F2958DD4C00752454 /* DisplayerProtocol.swift in Sources */,
				947FB35629674534005F1944 /* UserDetailsViewModel.State.swift in Sources */,
				94CA2B162956220600752454 /* RemoteUrlConfigurations.swift in Sources */,
				94CA2B402957A65E00752454 /* UserListViewModel.swift in Sources */,
				94CA2B4C29588D9E00752454 /* UserListCollectionViewDataSource.swift in Sources */,
				947FB35B2967591B005F1944 /* CoreDataStorage.swift in Sources */,
				94DDFDC8295B76E10018562B /* Reachability.swift in Sources */,
				94687594296072D1008938F1 /* ReachabilityView.swift in Sources */,
				94CA2B152956220600752454 /* HttpNetworking.swift in Sources */,
				947AB2E62969FA6000F8136E /* UsersLocalDataSource.swift in Sources */,
				947FB350296723B9005F1944 /* UserListViewModel.Section.swift in Sources */,
				947FB34A296722C6005F1944 /* UserListViewModelCoordinatorDelegate.swift in Sources */,
				94CA2B1D295628B700752454 /* UserDetails.swift in Sources */,
				94CA2B6F2958F94F00752454 /* UserDetailsCoordinator.swift in Sources */,
				94C66611298FBB8600FE01B6 /* HasCustomView.swift in Sources */,
				948542902954F7AD00D46B66 /* AppDelegate.swift in Sources */,
				94CA2B5229588FC800752454 /* UserListCollectionViewSectionHeaderView.swift in Sources */,
				947FB3582967466F005F1944 /* UserDetailsViewModelProtocol.swift in Sources */,
				94CA2B4A29588D7F00752454 /* UserListCollectionView.swift in Sources */,
				94C6660C298DB13500FE01B6 /* DictionaryConvertible.swift in Sources */,
				947FB35329672750005F1944 /* Reachability+Additions.swift in Sources */,
				947FB34E29672397005F1944 /* UserListViewModel.State.swift in Sources */,
				947FB34C296722E5005F1944 /* UserListViewModelInput.swift in Sources */,
				94E5C30A295A2E0500BAF3A4 /* ErrorView.swift in Sources */,
				94CA2B4829588D2C00752454 /* UserListViewController.swift in Sources */,
				947AB2E92969FADC00F8136E /* UsersRemoteDataSource.swift in Sources */,
				94CA2B6B2958F6ED00752454 /* UserDetailsViewModel.swift in Sources */,
				94CA2B5B2958DB6100752454 /* Coordinator.swift in Sources */,
				9413B507295F6B5A00F0CD91 /* ReachabilityManager.swift in Sources */,
				94CA2B4E29588E4100752454 /* UICollectionView+Additions.swift in Sources */,
				94CA2B1F29562B1D00752454 /* Data+Additions.swift in Sources */,
				94C66615298FF76500FE01B6 /* UserListCollectionViewLayout.swift in Sources */,
				94E5C3012959F1B400BAF3A4 /* UserDetailsView.swift in Sources */,
				94C66613298FBBC800FE01B6 /* UserListView.swift in Sources */,
				94CA2B572958DB4500752454 /* AppCoordinator.swift in Sources */,
				947AB2EB2969FF2400F8136E /* UsersRepository.swift in Sources */,
				94FCB14929709200002E3F84 /* UserEntity+CustomAdditions.swift in Sources */,
				94E5C303295A088300BAF3A4 /* Publisher+Additions.swift in Sources */,
				94CA2B5D2958DCB000752454 /* UserListCoordinator.swift in Sources */,
				94CA2B112956148700752454 /* SceneDelegate.swift in Sources */,
				94FCB14529708E1A002E3F84 /* UserEntity+CoreDataClass.swift in Sources */,
				94CA2B5A2958DB6100752454 /* BaseCoordinator.swift in Sources */,
				94687596296097E1008938F1 /* UIActivityIndicatorView+Additions.swift in Sources */,
				94C6660F298FB97700FE01B6 /* UserListViewModelProtocol.swift in Sources */,
				947FB35E29678FB2005F1944 /* Database.xcdatamodeld in Sources */,
				94CA2B6D2958F8B600752454 /* UserDetailsViewViewController.swift in Sources */,
			);
			runOnlyForDeploymentPostprocessing = 0;
		};
		94CA2B2029562C7C00752454 /* Sources */ = {
			isa = PBXSourcesBuildPhase;
			buildActionMask = 2147483647;
			files = (
				94A9DCD92991A14600336B07 /* UsersLocalDataSourceTests.swift in Sources */,
				94C6661A29902EBB00FE01B6 /* UsersRemoteDataSourceTests.swift in Sources */,
				94CA2B442957D2D000752454 /* UserListViewModelTests.swift in Sources */,
				94CA2B322956397700752454 /* HttpNetworkingMock.swift in Sources */,
				94CA2B3929563D2700752454 /* TestHelpers.swift in Sources */,
				94E5C306295A1AC400BAF3A4 /* UserDetailsViewModelTests.swift in Sources */,
			);
			runOnlyForDeploymentPostprocessing = 0;
		};
		94DDFD8F295A60930018562B /* Sources */ = {
			isa = PBXSourcesBuildPhase;
			buildActionMask = 2147483647;
			files = (
				94DDFDA9295A67C70018562B /* UserListScreen.swift in Sources */,
				94DDFDA2295A65640018562B /* XCUIElement+Extensions.swift in Sources */,
				94DDFDB7295B43360018562B /* UITestHelper.swift in Sources */,
				94DDFDA0295A64EA0018562B /* BaseTest.swift in Sources */,
				94DDFDC2295B57350018562B /* Routes.swift in Sources */,
				94DDFDBE295B55400018562B /* ScreenBase.swift in Sources */,
				94DDFDC4295B64440018562B /* Router+Additions.swift in Sources */,
				94DDFD96295A60930018562B /* UserListScreenUITests.swift in Sources */,
				94DDFDBC295B551E0018562B /* UserDetailsScreen.swift in Sources */,
				94DDFDC0295B55D90018562B /* UserDetailsScreenUITests.swift in Sources */,
			);
			runOnlyForDeploymentPostprocessing = 0;
		};
/* End PBXSourcesBuildPhase section */

/* Begin PBXTargetDependency section */
		94CA2B2929562C7C00752454 /* PBXTargetDependency */ = {
			isa = PBXTargetDependency;
			target = 9485428B2954F7AD00D46B66 /* GithubUsers */;
			targetProxy = 94CA2B2829562C7C00752454 /* PBXContainerItemProxy */;
		};
		94DDFD9A295A60930018562B /* PBXTargetDependency */ = {
			isa = PBXTargetDependency;
			target = 9485428B2954F7AD00D46B66 /* GithubUsers */;
			targetProxy = 94DDFD99295A60930018562B /* PBXContainerItemProxy */;
		};
		94DDFDAB295A69570018562B /* PBXTargetDependency */ = {
			isa = PBXTargetDependency;
			productRef = 94DDFDAA295A69570018562B /* AccessibilityIdentifiers */;
		};
/* End PBXTargetDependency section */

/* Begin PBXVariantGroup section */
		9485429A2954F7AE00D46B66 /* LaunchScreen.storyboard */ = {
			isa = PBXVariantGroup;
			children = (
				9485429B2954F7AE00D46B66 /* Base */,
			);
			name = LaunchScreen.storyboard;
			sourceTree = "<group>";
		};
/* End PBXVariantGroup section */

/* Begin XCBuildConfiguration section */
		9485429E2954F7AE00D46B66 /* Debug */ = {
			isa = XCBuildConfiguration;
			buildSettings = {
				ALWAYS_SEARCH_USER_PATHS = NO;
				CLANG_ANALYZER_NONNULL = YES;
				CLANG_ANALYZER_NUMBER_OBJECT_CONVERSION = YES_AGGRESSIVE;
				CLANG_CXX_LANGUAGE_STANDARD = "gnu++20";
				CLANG_ENABLE_MODULES = YES;
				CLANG_ENABLE_OBJC_ARC = YES;
				CLANG_ENABLE_OBJC_WEAK = YES;
				CLANG_WARN_BLOCK_CAPTURE_AUTORELEASING = YES;
				CLANG_WARN_BOOL_CONVERSION = YES;
				CLANG_WARN_COMMA = YES;
				CLANG_WARN_CONSTANT_CONVERSION = YES;
				CLANG_WARN_DEPRECATED_OBJC_IMPLEMENTATIONS = YES;
				CLANG_WARN_DIRECT_OBJC_ISA_USAGE = YES_ERROR;
				CLANG_WARN_DOCUMENTATION_COMMENTS = YES;
				CLANG_WARN_EMPTY_BODY = YES;
				CLANG_WARN_ENUM_CONVERSION = YES;
				CLANG_WARN_INFINITE_RECURSION = YES;
				CLANG_WARN_INT_CONVERSION = YES;
				CLANG_WARN_NON_LITERAL_NULL_CONVERSION = YES;
				CLANG_WARN_OBJC_IMPLICIT_RETAIN_SELF = YES;
				CLANG_WARN_OBJC_LITERAL_CONVERSION = YES;
				CLANG_WARN_OBJC_ROOT_CLASS = YES_ERROR;
				CLANG_WARN_QUOTED_INCLUDE_IN_FRAMEWORK_HEADER = YES;
				CLANG_WARN_RANGE_LOOP_ANALYSIS = YES;
				CLANG_WARN_STRICT_PROTOTYPES = YES;
				CLANG_WARN_SUSPICIOUS_MOVE = YES;
				CLANG_WARN_UNGUARDED_AVAILABILITY = YES_AGGRESSIVE;
				CLANG_WARN_UNREACHABLE_CODE = YES;
				CLANG_WARN__DUPLICATE_METHOD_MATCH = YES;
				COPY_PHASE_STRIP = NO;
				DEBUG_INFORMATION_FORMAT = dwarf;
				ENABLE_STRICT_OBJC_MSGSEND = YES;
				ENABLE_TESTABILITY = YES;
				GCC_C_LANGUAGE_STANDARD = gnu11;
				GCC_DYNAMIC_NO_PIC = NO;
				GCC_NO_COMMON_BLOCKS = YES;
				GCC_OPTIMIZATION_LEVEL = 0;
				GCC_PREPROCESSOR_DEFINITIONS = (
					"DEBUG=1",
					"$(inherited)",
				);
				GCC_WARN_64_TO_32_BIT_CONVERSION = YES;
				GCC_WARN_ABOUT_RETURN_TYPE = YES_ERROR;
				GCC_WARN_UNDECLARED_SELECTOR = YES;
				GCC_WARN_UNINITIALIZED_AUTOS = YES_AGGRESSIVE;
				GCC_WARN_UNUSED_FUNCTION = YES;
				GCC_WARN_UNUSED_VARIABLE = YES;
				IPHONEOS_DEPLOYMENT_TARGET = 16.1;
				MTL_ENABLE_DEBUG_INFO = INCLUDE_SOURCE;
				MTL_FAST_MATH = YES;
				ONLY_ACTIVE_ARCH = YES;
				SDKROOT = iphoneos;
				SWIFT_ACTIVE_COMPILATION_CONDITIONS = DEBUG;
				SWIFT_OPTIMIZATION_LEVEL = "-Onone";
			};
			name = Debug;
		};
		9485429F2954F7AE00D46B66 /* Release */ = {
			isa = XCBuildConfiguration;
			buildSettings = {
				ALWAYS_SEARCH_USER_PATHS = NO;
				CLANG_ANALYZER_NONNULL = YES;
				CLANG_ANALYZER_NUMBER_OBJECT_CONVERSION = YES_AGGRESSIVE;
				CLANG_CXX_LANGUAGE_STANDARD = "gnu++20";
				CLANG_ENABLE_MODULES = YES;
				CLANG_ENABLE_OBJC_ARC = YES;
				CLANG_ENABLE_OBJC_WEAK = YES;
				CLANG_WARN_BLOCK_CAPTURE_AUTORELEASING = YES;
				CLANG_WARN_BOOL_CONVERSION = YES;
				CLANG_WARN_COMMA = YES;
				CLANG_WARN_CONSTANT_CONVERSION = YES;
				CLANG_WARN_DEPRECATED_OBJC_IMPLEMENTATIONS = YES;
				CLANG_WARN_DIRECT_OBJC_ISA_USAGE = YES_ERROR;
				CLANG_WARN_DOCUMENTATION_COMMENTS = YES;
				CLANG_WARN_EMPTY_BODY = YES;
				CLANG_WARN_ENUM_CONVERSION = YES;
				CLANG_WARN_INFINITE_RECURSION = YES;
				CLANG_WARN_INT_CONVERSION = YES;
				CLANG_WARN_NON_LITERAL_NULL_CONVERSION = YES;
				CLANG_WARN_OBJC_IMPLICIT_RETAIN_SELF = YES;
				CLANG_WARN_OBJC_LITERAL_CONVERSION = YES;
				CLANG_WARN_OBJC_ROOT_CLASS = YES_ERROR;
				CLANG_WARN_QUOTED_INCLUDE_IN_FRAMEWORK_HEADER = YES;
				CLANG_WARN_RANGE_LOOP_ANALYSIS = YES;
				CLANG_WARN_STRICT_PROTOTYPES = YES;
				CLANG_WARN_SUSPICIOUS_MOVE = YES;
				CLANG_WARN_UNGUARDED_AVAILABILITY = YES_AGGRESSIVE;
				CLANG_WARN_UNREACHABLE_CODE = YES;
				CLANG_WARN__DUPLICATE_METHOD_MATCH = YES;
				COPY_PHASE_STRIP = NO;
				DEBUG_INFORMATION_FORMAT = "dwarf-with-dsym";
				ENABLE_NS_ASSERTIONS = NO;
				ENABLE_STRICT_OBJC_MSGSEND = YES;
				GCC_C_LANGUAGE_STANDARD = gnu11;
				GCC_NO_COMMON_BLOCKS = YES;
				GCC_WARN_64_TO_32_BIT_CONVERSION = YES;
				GCC_WARN_ABOUT_RETURN_TYPE = YES_ERROR;
				GCC_WARN_UNDECLARED_SELECTOR = YES;
				GCC_WARN_UNINITIALIZED_AUTOS = YES_AGGRESSIVE;
				GCC_WARN_UNUSED_FUNCTION = YES;
				GCC_WARN_UNUSED_VARIABLE = YES;
				IPHONEOS_DEPLOYMENT_TARGET = 16.1;
				MTL_ENABLE_DEBUG_INFO = NO;
				MTL_FAST_MATH = YES;
				SDKROOT = iphoneos;
				SWIFT_COMPILATION_MODE = wholemodule;
				SWIFT_OPTIMIZATION_LEVEL = "-O";
				VALIDATE_PRODUCT = YES;
			};
			name = Release;
		};
		948542A12954F7AE00D46B66 /* Debug */ = {
			isa = XCBuildConfiguration;
			buildSettings = {
				ASSETCATALOG_COMPILER_APPICON_NAME = AppIcon;
				ASSETCATALOG_COMPILER_GLOBAL_ACCENT_COLOR_NAME = AccentColor;
				CODE_SIGN_STYLE = Automatic;
				CURRENT_PROJECT_VERSION = 1;
				DEVELOPMENT_TEAM = S3545MP4M2;
				GENERATE_INFOPLIST_FILE = YES;
				INFOPLIST_FILE = GithubUsers/Resources/Info.plist;
				INFOPLIST_KEY_UIApplicationSupportsIndirectInputEvents = YES;
				INFOPLIST_KEY_UILaunchStoryboardName = LaunchScreen;
				INFOPLIST_KEY_UISupportedInterfaceOrientations = "UIInterfaceOrientationLandscapeLeft UIInterfaceOrientationLandscapeRight UIInterfaceOrientationPortrait UIInterfaceOrientationPortraitUpsideDown";
				IPHONEOS_DEPLOYMENT_TARGET = 15.0;
				LD_RUNPATH_SEARCH_PATHS = (
					"$(inherited)",
					"@executable_path/Frameworks",
				);
				MARKETING_VERSION = 1.0;
				PRODUCT_BUNDLE_IDENTIFIER = com.ademozgur.GithubUsers;
				PRODUCT_NAME = "$(TARGET_NAME)";
				SUPPORTED_PLATFORMS = "iphoneos iphonesimulator";
				SUPPORTS_MACCATALYST = NO;
				SUPPORTS_MAC_DESIGNED_FOR_IPHONE_IPAD = NO;
				SWIFT_EMIT_LOC_STRINGS = YES;
				SWIFT_VERSION = 5.0;
				TARGETED_DEVICE_FAMILY = "1,2";
			};
			name = Debug;
		};
		948542A22954F7AE00D46B66 /* Release */ = {
			isa = XCBuildConfiguration;
			buildSettings = {
				ASSETCATALOG_COMPILER_APPICON_NAME = AppIcon;
				ASSETCATALOG_COMPILER_GLOBAL_ACCENT_COLOR_NAME = AccentColor;
				CODE_SIGN_STYLE = Automatic;
				CURRENT_PROJECT_VERSION = 1;
				DEVELOPMENT_TEAM = S3545MP4M2;
				GENERATE_INFOPLIST_FILE = YES;
				INFOPLIST_FILE = GithubUsers/Resources/Info.plist;
				INFOPLIST_KEY_UIApplicationSupportsIndirectInputEvents = YES;
				INFOPLIST_KEY_UILaunchStoryboardName = LaunchScreen;
				INFOPLIST_KEY_UISupportedInterfaceOrientations = "UIInterfaceOrientationLandscapeLeft UIInterfaceOrientationLandscapeRight UIInterfaceOrientationPortrait UIInterfaceOrientationPortraitUpsideDown";
				IPHONEOS_DEPLOYMENT_TARGET = 15.0;
				LD_RUNPATH_SEARCH_PATHS = (
					"$(inherited)",
					"@executable_path/Frameworks",
				);
				MARKETING_VERSION = 1.0;
				PRODUCT_BUNDLE_IDENTIFIER = com.ademozgur.GithubUsers;
				PRODUCT_NAME = "$(TARGET_NAME)";
				SUPPORTED_PLATFORMS = "iphoneos iphonesimulator";
				SUPPORTS_MACCATALYST = NO;
				SUPPORTS_MAC_DESIGNED_FOR_IPHONE_IPAD = NO;
				SWIFT_EMIT_LOC_STRINGS = YES;
				SWIFT_VERSION = 5.0;
				TARGETED_DEVICE_FAMILY = "1,2";
			};
			name = Release;
		};
		94CA2B2B29562C7C00752454 /* Debug */ = {
			isa = XCBuildConfiguration;
			buildSettings = {
				BUNDLE_LOADER = "$(TEST_HOST)";
				CODE_SIGN_STYLE = Automatic;
				CURRENT_PROJECT_VERSION = 1;
				DEVELOPMENT_TEAM = S3545MP4M2;
				GENERATE_INFOPLIST_FILE = YES;
				IPHONEOS_DEPLOYMENT_TARGET = 15.0;
				MARKETING_VERSION = 1.0;
				PRODUCT_BUNDLE_IDENTIFIER = com.ademozgur.GithubUsersTests;
				PRODUCT_NAME = "$(TARGET_NAME)";
				SWIFT_EMIT_LOC_STRINGS = NO;
				SWIFT_VERSION = 5.0;
				TARGETED_DEVICE_FAMILY = "1,2";
				TEST_HOST = "$(BUILT_PRODUCTS_DIR)/GithubUsers.app/$(BUNDLE_EXECUTABLE_FOLDER_PATH)/GithubUsers";
			};
			name = Debug;
		};
		94CA2B2C29562C7C00752454 /* Release */ = {
			isa = XCBuildConfiguration;
			buildSettings = {
				BUNDLE_LOADER = "$(TEST_HOST)";
				CODE_SIGN_STYLE = Automatic;
				CURRENT_PROJECT_VERSION = 1;
				DEVELOPMENT_TEAM = S3545MP4M2;
				GENERATE_INFOPLIST_FILE = YES;
				IPHONEOS_DEPLOYMENT_TARGET = 15.0;
				MARKETING_VERSION = 1.0;
				PRODUCT_BUNDLE_IDENTIFIER = com.ademozgur.GithubUsersTests;
				PRODUCT_NAME = "$(TARGET_NAME)";
				SWIFT_EMIT_LOC_STRINGS = NO;
				SWIFT_VERSION = 5.0;
				TARGETED_DEVICE_FAMILY = "1,2";
				TEST_HOST = "$(BUILT_PRODUCTS_DIR)/GithubUsers.app/$(BUNDLE_EXECUTABLE_FOLDER_PATH)/GithubUsers";
			};
			name = Release;
		};
		94DDFD9C295A60930018562B /* Debug */ = {
			isa = XCBuildConfiguration;
			buildSettings = {
				CODE_SIGN_STYLE = Automatic;
				CURRENT_PROJECT_VERSION = 1;
				DEVELOPMENT_TEAM = S3545MP4M2;
				GENERATE_INFOPLIST_FILE = YES;
				IPHONEOS_DEPLOYMENT_TARGET = 15.0;
				MARKETING_VERSION = 1.0;
				PRODUCT_BUNDLE_IDENTIFIER = com.ademozgur.GithubUsersUITests;
				PRODUCT_NAME = "$(TARGET_NAME)";
				SWIFT_EMIT_LOC_STRINGS = NO;
				SWIFT_VERSION = 5.0;
				TARGETED_DEVICE_FAMILY = "1,2";
				TEST_TARGET_NAME = GithubUsers;
			};
			name = Debug;
		};
		94DDFD9D295A60930018562B /* Release */ = {
			isa = XCBuildConfiguration;
			buildSettings = {
				CODE_SIGN_STYLE = Automatic;
				CURRENT_PROJECT_VERSION = 1;
				DEVELOPMENT_TEAM = S3545MP4M2;
				GENERATE_INFOPLIST_FILE = YES;
				IPHONEOS_DEPLOYMENT_TARGET = 15.0;
				MARKETING_VERSION = 1.0;
				PRODUCT_BUNDLE_IDENTIFIER = com.ademozgur.GithubUsersUITests;
				PRODUCT_NAME = "$(TARGET_NAME)";
				SWIFT_EMIT_LOC_STRINGS = NO;
				SWIFT_VERSION = 5.0;
				TARGETED_DEVICE_FAMILY = "1,2";
				TEST_TARGET_NAME = GithubUsers;
			};
			name = Release;
		};
/* End XCBuildConfiguration section */

/* Begin XCConfigurationList section */
		948542872954F7AD00D46B66 /* Build configuration list for PBXProject "GithubUsers" */ = {
			isa = XCConfigurationList;
			buildConfigurations = (
				9485429E2954F7AE00D46B66 /* Debug */,
				9485429F2954F7AE00D46B66 /* Release */,
			);
			defaultConfigurationIsVisible = 0;
			defaultConfigurationName = Release;
		};
		948542A02954F7AE00D46B66 /* Build configuration list for PBXNativeTarget "GithubUsers" */ = {
			isa = XCConfigurationList;
			buildConfigurations = (
				948542A12954F7AE00D46B66 /* Debug */,
				948542A22954F7AE00D46B66 /* Release */,
			);
			defaultConfigurationIsVisible = 0;
			defaultConfigurationName = Release;
		};
		94CA2B2A29562C7C00752454 /* Build configuration list for PBXNativeTarget "GithubUsersTests" */ = {
			isa = XCConfigurationList;
			buildConfigurations = (
				94CA2B2B29562C7C00752454 /* Debug */,
				94CA2B2C29562C7C00752454 /* Release */,
			);
			defaultConfigurationIsVisible = 0;
			defaultConfigurationName = Release;
		};
		94DDFD9B295A60930018562B /* Build configuration list for PBXNativeTarget "GithubUsersUITests" */ = {
			isa = XCConfigurationList;
			buildConfigurations = (
				94DDFD9C295A60930018562B /* Debug */,
				94DDFD9D295A60930018562B /* Release */,
			);
			defaultConfigurationIsVisible = 0;
			defaultConfigurationName = Release;
		};
/* End XCConfigurationList section */

/* Begin XCRemoteSwiftPackageReference section */
		94CA2B3A2956499F00752454 /* XCRemoteSwiftPackageReference "Factory" */ = {
			isa = XCRemoteSwiftPackageReference;
			repositoryURL = "https://github.com/hmlongco/Factory.git";
			requirement = {
				kind = upToNextMajorVersion;
				minimumVersion = 1.0.0;
			};
		};
		94CA2B532958936000752454 /* XCRemoteSwiftPackageReference "SDWebImage" */ = {
			isa = XCRemoteSwiftPackageReference;
			repositoryURL = "https://github.com/SDWebImage/SDWebImage.git";
			requirement = {
				kind = upToNextMajorVersion;
				minimumVersion = 5.0.0;
			};
		};
		94DDFDAE295B322B0018562B /* XCRemoteSwiftPackageReference "Ambassador" */ = {
			isa = XCRemoteSwiftPackageReference;
			repositoryURL = "https://github.com/envoy/Ambassador.git";
			requirement = {
				branch = master;
				kind = branch;
			};
		};
/* End XCRemoteSwiftPackageReference section */

/* Begin XCSwiftPackageProductDependency section */
		94C6661B29903ADC00FE01B6 /* SDWebImage */ = {
			isa = XCSwiftPackageProductDependency;
			package = 94CA2B532958936000752454 /* XCRemoteSwiftPackageReference "SDWebImage" */;
			productName = SDWebImage;
		};
		94CA2B3B2956499F00752454 /* Factory */ = {
			isa = XCSwiftPackageProductDependency;
			package = 94CA2B3A2956499F00752454 /* XCRemoteSwiftPackageReference "Factory" */;
			productName = Factory;
		};
		94CA2B542958936000752454 /* SDWebImage */ = {
			isa = XCSwiftPackageProductDependency;
			package = 94CA2B532958936000752454 /* XCRemoteSwiftPackageReference "SDWebImage" */;
			productName = SDWebImage;
		};
		94DDFD8D295A5FAA0018562B /* AccessibilityIdentifiers */ = {
			isa = XCSwiftPackageProductDependency;
			productName = AccessibilityIdentifiers;
		};
		94DDFDAA295A69570018562B /* AccessibilityIdentifiers */ = {
			isa = XCSwiftPackageProductDependency;
			productName = AccessibilityIdentifiers;
		};
		94DDFDAC295A69720018562B /* AccessibilityIdentifiers */ = {
			isa = XCSwiftPackageProductDependency;
			productName = AccessibilityIdentifiers;
		};
		94DDFDAF295B322B0018562B /* Ambassador */ = {
			isa = XCSwiftPackageProductDependency;
			package = 94DDFDAE295B322B0018562B /* XCRemoteSwiftPackageReference "Ambassador" */;
			productName = Ambassador;
		};
/* End XCSwiftPackageProductDependency section */

/* Begin XCVersionGroup section */
		947FB35C29678FB2005F1944 /* Database.xcdatamodeld */ = {
			isa = XCVersionGroup;
			children = (
				947FB35D29678FB2005F1944 /* Database.xcdatamodel */,
			);
			currentVersion = 947FB35D29678FB2005F1944 /* Database.xcdatamodel */;
			path = Database.xcdatamodeld;
			sourceTree = "<group>";
			versionGroupType = wrapper.xcdatamodel;
		};
/* End XCVersionGroup section */
	};
	rootObject = 948542842954F7AD00D46B66 /* Project object */;
}
